
Microsoft Visual Studio Solution File, Format Version 12.00
# Visual Studio Version 16
VisualStudioVersion = 16.0.32510.428
MinimumVisualStudioVersion = 10.0.40219.1
Project("{FAE04EC0-301F-11D3-BF4B-00C04F79EFBC}") = "HTProject.Platform.Main", "HTProject.Platform.Main\HTProject.Platform.Main.csproj", "{0C9A2EAC-3ACF-479A-AFF5-244FD16A932C}"
EndProject
Project("{2150E333-8FDC-42A3-9474-1A3956D46DE8}") = "Implement", "Implement", "{D20C5438-83B0-41FB-8178-1D2F75687D05}"
EndProject
Project("{FAE04EC0-301F-11D3-BF4B-00C04F79EFBC}") = "HTProject.Plugin.Control", "HTProject.Plugin.Control\HTProject.Plugin.Control.csproj", "{4C371A68-62CC-4C97-AF77-17D63E6540DA}"
EndProject
Project("{FAE04EC0-301F-11D3-BF4B-00C04F79EFBC}") = "HTProject.Plugin.Base", "HTProject.Plugin.Base\HTProject.Plugin.Base.csproj", "{AAA29475-B5ED-4350-99B0-287C1066807A}"
EndProject
Project("{2150E333-8FDC-42A3-9474-1A3956D46DE8}") = "Common", "Common", "{CE13C339-9897-48D3-A93F-6EAC061B2B4E}"
EndProject
Project("{2150E333-8FDC-42A3-9474-1A3956D46DE8}") = "Contract", "Contract", "{6F52F6B1-820D-4DA3-AE12-ED688C7FA8A2}"
EndProject
Project("{2150E333-8FDC-42A3-9474-1A3956D46DE8}") = "Module", "Module", "{156152FD-0DD9-4D7F-B777-E34600F28F50}"
EndProject
Project("{FAE04EC0-301F-11D3-BF4B-00C04F79EFBC}") = "HTProject.Common.Data", "HTProject.Common.Data\HTProject.Common.Data.csproj", "{DAFCEE0F-4D51-4B7C-9AC5-F024A51C5951}"
EndProject
Project("{FAE04EC0-301F-11D3-BF4B-00C04F79EFBC}") = "HTProject.Common.File", "HTProject.Common.File\HTProject.Common.File.csproj", "{9300F138-E18A-47BA-8175-1F1DFCF419CC}"
EndProject
Project("{FAE04EC0-301F-11D3-BF4B-00C04F79EFBC}") = "HTProject.Common.Proxy", "HTProject.Common.Proxy\HTProject.Common.Proxy.csproj", "{B735735F-7896-4DC7-86A7-C04A5EE68086}"
EndProject
Project("{FAE04EC0-301F-11D3-BF4B-00C04F79EFBC}") = "HTProject.Contract.MCMS", "HTProject.Contract.MCMS\HTProject.Contract.MCMS.csproj", "{ADC0DA22-56F7-474D-9284-11761716C713}"
EndProject
Project("{FAE04EC0-301F-11D3-BF4B-00C04F79EFBC}") = "HTProject.Contract.SCMS", "HTProject.Contract.SCMS\HTProject.Contract.SCMS.csproj", "{D571F730-903E-468B-8E86-D2D9F740FDFB}"
EndProject
Project("{FAE04EC0-301F-11D3-BF4B-00C04F79EFBC}") = "HTProject.Module.MCMS", "HTProject.Module.MCMS\HTProject.Module.MCMS.csproj", "{56FBB470-A75C-4E85-BA32-51058151210D}"
EndProject
Project("{FAE04EC0-301F-11D3-BF4B-00C04F79EFBC}") = "HTProject.Module.SCMS", "HTProject.Module.SCMS\HTProject.Module.SCMS.csproj", "{A86B9DB7-A402-40FC-93C0-AB247280A7EC}"
EndProject
Project("{FAE04EC0-301F-11D3-BF4B-00C04F79EFBC}") = "HTProject.Contract.MEMS", "HTProject.Contract.MEMS\HTProject.Contract.MEMS.csproj", "{09D890DE-6409-496D-92B1-D613E3CEF035}"
EndProject
Global
	GlobalSection(SolutionConfigurationPlatforms) = preSolution
		Debug|Any CPU = Debug|Any CPU
		Release|Any CPU = Release|Any CPU
	EndGlobalSection
	GlobalSection(ProjectConfigurationPlatforms) = postSolution
		{0C9A2EAC-3ACF-479A-AFF5-244FD16A932C}.Debug|Any CPU.ActiveCfg = Debug|Any CPU
		{0C9A2EAC-3ACF-479A-AFF5-244FD16A932C}.Debug|Any CPU.Build.0 = Debug|Any CPU
		{0C9A2EAC-3ACF-479A-AFF5-244FD16A932C}.Release|Any CPU.ActiveCfg = Release|Any CPU
		{0C9A2EAC-3ACF-479A-AFF5-244FD16A932C}.Release|Any CPU.Build.0 = Release|Any CPU
		{4C371A68-62CC-4C97-AF77-17D63E6540DA}.Debug|Any CPU.ActiveCfg = Debug|Any CPU
		{4C371A68-62CC-4C97-AF77-17D63E6540DA}.Debug|Any CPU.Build.0 = Debug|Any CPU
		{4C371A68-62CC-4C97-AF77-17D63E6540DA}.Release|Any CPU.ActiveCfg = Release|Any CPU
		{4C371A68-62CC-4C97-AF77-17D63E6540DA}.Release|Any CPU.Build.0 = Release|Any CPU
		{AAA29475-B5ED-4350-99B0-287C1066807A}.Debug|Any CPU.ActiveCfg = Debug|Any CPU
		{AAA29475-B5ED-4350-99B0-287C1066807A}.Debug|Any CPU.Build.0 = Debug|Any CPU
		{AAA29475-B5ED-4350-99B0-287C1066807A}.Release|Any CPU.ActiveCfg = Release|Any CPU
		{AAA29475-B5ED-4350-99B0-287C1066807A}.Release|Any CPU.Build.0 = Release|Any CPU
		{DAFCEE0F-4D51-4B7C-9AC5-F024A51C5951}.Debug|Any CPU.ActiveCfg = Debug|Any CPU
		{DAFCEE0F-4D51-4B7C-9AC5-F024A51C5951}.Debug|Any CPU.Build.0 = Debug|Any CPU
		{DAFCEE0F-4D51-4B7C-9AC5-F024A51C5951}.Release|Any CPU.ActiveCfg = Release|Any CPU
		{DAFCEE0F-4D51-4B7C-9AC5-F024A51C5951}.Release|Any CPU.Build.0 = Release|Any CPU
		{9300F138-E18A-47BA-8175-1F1DFCF419CC}.Debug|Any CPU.ActiveCfg = Debug|Any CPU
		{9300F138-E18A-47BA-8175-1F1DFCF419CC}.Debug|Any CPU.Build.0 = Debug|Any CPU
		{9300F138-E18A-47BA-8175-1F1DFCF419CC}.Release|Any CPU.ActiveCfg = Release|Any CPU
		{9300F138-E18A-47BA-8175-1F1DFCF419CC}.Release|Any CPU.Build.0 = Release|Any CPU
		{B735735F-7896-4DC7-86A7-C04A5EE68086}.Debug|Any CPU.ActiveCfg = Debug|Any CPU
		{B735735F-7896-4DC7-86A7-C04A5EE68086}.Debug|Any CPU.Build.0 = Debug|Any CPU
		{B735735F-7896-4DC7-86A7-C04A5EE68086}.Release|Any CPU.ActiveCfg = Release|Any CPU
		{B735735F-7896-4DC7-86A7-C04A5EE68086}.Release|Any CPU.Build.0 = Release|Any CPU
		{ADC0DA22-56F7-474D-9284-11761716C713}.Debug|Any CPU.ActiveCfg = Debug|Any CPU
		{ADC0DA22-56F7-474D-9284-11761716C713}.Debug|Any CPU.Build.0 = Debug|Any CPU
		{ADC0DA22-56F7-474D-9284-11761716C713}.Release|Any CPU.ActiveCfg = Release|Any CPU
		{ADC0DA22-56F7-474D-9284-11761716C713}.Release|Any CPU.Build.0 = Release|Any CPU
		{D571F730-903E-468B-8E86-D2D9F740FDFB}.Debug|Any CPU.ActiveCfg = Debug|Any CPU
		{D571F730-903E-468B-8E86-D2D9F740FDFB}.Debug|Any CPU.Build.0 = Debug|Any CPU
		{D571F730-903E-468B-8E86-D2D9F740FDFB}.Release|Any CPU.ActiveCfg = Release|Any CPU
		{D571F730-903E-468B-8E86-D2D9F740FDFB}.Release|Any CPU.Build.0 = Release|Any CPU
		{56FBB470-A75C-4E85-BA32-51058151210D}.Debug|Any CPU.ActiveCfg = Debug|Any CPU
		{56FBB470-A75C-4E85-BA32-51058151210D}.Debug|Any CPU.Build.0 = Debug|Any CPU
		{56FBB470-A75C-4E85-BA32-51058151210D}.Release|Any CPU.ActiveCfg = Release|Any CPU
		{56FBB470-A75C-4E85-BA32-51058151210D}.Release|Any CPU.Build.0 = Release|Any CPU
		{A86B9DB7-A402-40FC-93C0-AB247280A7EC}.Debug|Any CPU.ActiveCfg = Debug|Any CPU
		{A86B9DB7-A402-40FC-93C0-AB247280A7EC}.Debug|Any CPU.Build.0 = Debug|Any CPU
		{A86B9DB7-A402-40FC-93C0-AB247280A7EC}.Release|Any CPU.ActiveCfg = Release|Any CPU
		{A86B9DB7-A402-40FC-93C0-AB247280A7EC}.Release|Any CPU.Build.0 = Release|Any CPU
		{09D890DE-6409-496D-92B1-D613E3CEF035}.Debug|Any CPU.ActiveCfg = Debug|Any CPU
		{09D890DE-6409-496D-92B1-D613E3CEF035}.Debug|Any CPU.Build.0 = Debug|Any CPU
		{09D890DE-6409-496D-92B1-D613E3CEF035}.Release|Any CPU.ActiveCfg = Release|Any CPU
		{09D890DE-6409-496D-92B1-D613E3CEF035}.Release|Any CPU.Build.0 = Release|Any CPU
	EndGlobalSection
	GlobalSection(SolutionProperties) = preSolution
		HideSolutionNode = FALSE
	EndGlobalSection
	GlobalSection(NestedProjects) = preSolution
		{0C9A2EAC-3ACF-479A-AFF5-244FD16A932C} = {D20C5438-83B0-41FB-8178-1D2F75687D05}
		{4C371A68-62CC-4C97-AF77-17D63E6540DA} = {D20C5438-83B0-41FB-8178-1D2F75687D05}
		{AAA29475-B5ED-4350-99B0-287C1066807A} = {D20C5438-83B0-41FB-8178-1D2F75687D05}
		{DAFCEE0F-4D51-4B7C-9AC5-F024A51C5951} = {CE13C339-9897-48D3-A93F-6EAC061B2B4E}
		{9300F138-E18A-47BA-8175-1F1DFCF419CC} = {CE13C339-9897-48D3-A93F-6EAC061B2B4E}
		{B735735F-7896-4DC7-86A7-C04A5EE68086} = {CE13C339-9897-48D3-A93F-6EAC061B2B4E}
		{ADC0DA22-56F7-474D-9284-11761716C713} = {6F52F6B1-820D-4DA3-AE12-ED688C7FA8A2}
		{D571F730-903E-468B-8E86-D2D9F740FDFB} = {6F52F6B1-820D-4DA3-AE12-ED688C7FA8A2}
		{56FBB470-A75C-4E85-BA32-51058151210D} = {156152FD-0DD9-4D7F-B777-E34600F28F50}
		{A86B9DB7-A402-40FC-93C0-AB247280A7EC} = {156152FD-0DD9-4D7F-B777-E34600F28F50}
		{09D890DE-6409-496D-92B1-D613E3CEF035} = {6F52F6B1-820D-4DA3-AE12-ED688C7FA8A2}
	EndGlobalSection
	GlobalSection(ExtensibilityGlobals) = postSolution
		SolutionGuid = {55456B79-14DD-46B4-B115-2418166BB9BB}
	EndGlobalSection
EndGlobal
