
Microsoft Visual Studio Solution File, Format Version 12.00
# Visual Studio Version 16
VisualStudioVersion = 16.0.32510.428
MinimumVisualStudioVersion = 10.0.40219.1
Project("{FAE04EC0-301F-11D3-BF4B-00C04F79EFBC}") = "HTProject.Plugin.Main", "HTProject.Plugin.Main\HTProject.Plugin.Main.csproj", "{E15D13FF-7FB5-4591-B247-CEA82319F788}"
EndProject
Project("{2150E333-8FDC-42A3-9474-1A3956D46DE8}") = "Contract", "Contract", "{3C273EFC-C17E-424D-B7AA-98222CC5ACFF}"
EndProject
Project("{2150E333-8FDC-42A3-9474-1A3956D46DE8}") = "Module", "Module", "{0D0F325E-EF2E-4CBE-A694-59DC35237C72}"
EndProject
Project("{2150E333-8FDC-42A3-9474-1A3956D46DE8}") = "Common", "Common", "{328AD796-1DC0-44B5-A9E9-5AE68F679A6C}"
EndProject
Project("{2150E333-8FDC-42A3-9474-1A3956D46DE8}") = "Implement", "Implement", "{0999BA2B-24AA-4DEE-90B2-DC8A45750E99}"
EndProject
Project("{FAE04EC0-301F-11D3-BF4B-00C04F79EFBC}") = "HTProject.Common.Data", "HTProject.Common.Data\HTProject.Common.Data.csproj", "{B241AE8B-78D9-4965-8636-462511D2972E}"
EndProject
Project("{FAE04EC0-301F-11D3-BF4B-00C04F79EFBC}") = "HTProject.Common.File", "HTProject.Common.File\HTProject.Common.File.csproj", "{9EEAD08D-504C-4976-9847-5A6E8FEF48FF}"
EndProject
Project("{FAE04EC0-301F-11D3-BF4B-00C04F79EFBC}") = "HTProject.Common.Proxy", "HTProject.Common.Proxy\HTProject.Common.Proxy.csproj", "{06ACD5E6-6EAD-45F8-8D36-19100FA7CA96}"
EndProject
Project("{FAE04EC0-301F-11D3-BF4B-00C04F79EFBC}") = "HTProject.Contract.MCMS", "HTProject.Contract.MCMS\HTProject.Contract.MCMS.csproj", "{02E66952-232D-45D0-8D7F-C4EC4810B913}"
EndProject
Project("{FAE04EC0-301F-11D3-BF4B-00C04F79EFBC}") = "HTProject.Contract.SCMS", "HTProject.Contract.SCMS\HTProject.Contract.SCMS.csproj", "{D3509A5D-33EB-471B-A4E3-7BA32E3D12F6}"
EndProject
Project("{FAE04EC0-301F-11D3-BF4B-00C04F79EFBC}") = "HTProject.Module.MCMS", "HTProject.Module.MCMS\HTProject.Module.MCMS.csproj", "{C2463D82-E2B8-410D-8A4C-FECC3D1E7A42}"
EndProject
Project("{FAE04EC0-301F-11D3-BF4B-00C04F79EFBC}") = "HTProject.Module.SCMS", "HTProject.Module.SCMS\HTProject.Module.SCMS.csproj", "{6E61053A-3736-420C-ACF9-3DAF6612AC8E}"
EndProject
Project("{FAE04EC0-301F-11D3-BF4B-00C04F79EFBC}") = "HTProject.Plugin.Control", "HTProject.Plugin.Control\HTProject.Plugin.Control.csproj", "{9D66ECD0-42A3-4FA7-AE35-A811FDE05A33}"
EndProject
Project("{FAE04EC0-301F-11D3-BF4B-00C04F79EFBC}") = "HTProject.Plugin.Base", "HTProject.Plugin.Base\HTProject.Plugin.Base.csproj", "{50199EA7-7D76-429C-9A37-BF987CAB0E04}"
EndProject
Global
	GlobalSection(SolutionConfigurationPlatforms) = preSolution
		Debug|Any CPU = Debug|Any CPU
		Release|Any CPU = Release|Any CPU
	EndGlobalSection
	GlobalSection(ProjectConfigurationPlatforms) = postSolution
		{E15D13FF-7FB5-4591-B247-CEA82319F788}.Debug|Any CPU.ActiveCfg = Debug|Any CPU
		{E15D13FF-7FB5-4591-B247-CEA82319F788}.Debug|Any CPU.Build.0 = Debug|Any CPU
		{E15D13FF-7FB5-4591-B247-CEA82319F788}.Release|Any CPU.ActiveCfg = Release|Any CPU
		{E15D13FF-7FB5-4591-B247-CEA82319F788}.Release|Any CPU.Build.0 = Release|Any CPU
		{B241AE8B-78D9-4965-8636-462511D2972E}.Debug|Any CPU.ActiveCfg = Debug|Any CPU
		{B241AE8B-78D9-4965-8636-462511D2972E}.Debug|Any CPU.Build.0 = Debug|Any CPU
		{B241AE8B-78D9-4965-8636-462511D2972E}.Release|Any CPU.ActiveCfg = Release|Any CPU
		{B241AE8B-78D9-4965-8636-462511D2972E}.Release|Any CPU.Build.0 = Release|Any CPU
		{9EEAD08D-504C-4976-9847-5A6E8FEF48FF}.Debug|Any CPU.ActiveCfg = Debug|Any CPU
		{9EEAD08D-504C-4976-9847-5A6E8FEF48FF}.Debug|Any CPU.Build.0 = Debug|Any CPU
		{9EEAD08D-504C-4976-9847-5A6E8FEF48FF}.Release|Any CPU.ActiveCfg = Release|Any CPU
		{9EEAD08D-504C-4976-9847-5A6E8FEF48FF}.Release|Any CPU.Build.0 = Release|Any CPU
		{06ACD5E6-6EAD-45F8-8D36-19100FA7CA96}.Debug|Any CPU.ActiveCfg = Debug|Any CPU
		{06ACD5E6-6EAD-45F8-8D36-19100FA7CA96}.Debug|Any CPU.Build.0 = Debug|Any CPU
		{06ACD5E6-6EAD-45F8-8D36-19100FA7CA96}.Release|Any CPU.ActiveCfg = Release|Any CPU
		{06ACD5E6-6EAD-45F8-8D36-19100FA7CA96}.Release|Any CPU.Build.0 = Release|Any CPU
		{02E66952-232D-45D0-8D7F-C4EC4810B913}.Debug|Any CPU.ActiveCfg = Debug|Any CPU
		{02E66952-232D-45D0-8D7F-C4EC4810B913}.Debug|Any CPU.Build.0 = Debug|Any CPU
		{02E66952-232D-45D0-8D7F-C4EC4810B913}.Release|Any CPU.ActiveCfg = Release|Any CPU
		{02E66952-232D-45D0-8D7F-C4EC4810B913}.Release|Any CPU.Build.0 = Release|Any CPU
		{D3509A5D-33EB-471B-A4E3-7BA32E3D12F6}.Debug|Any CPU.ActiveCfg = Debug|Any CPU
		{D3509A5D-33EB-471B-A4E3-7BA32E3D12F6}.Debug|Any CPU.Build.0 = Debug|Any CPU
		{D3509A5D-33EB-471B-A4E3-7BA32E3D12F6}.Release|Any CPU.ActiveCfg = Release|Any CPU
		{D3509A5D-33EB-471B-A4E3-7BA32E3D12F6}.Release|Any CPU.Build.0 = Release|Any CPU
		{C2463D82-E2B8-410D-8A4C-FECC3D1E7A42}.Debug|Any CPU.ActiveCfg = Debug|Any CPU
		{C2463D82-E2B8-410D-8A4C-FECC3D1E7A42}.Debug|Any CPU.Build.0 = Debug|Any CPU
		{C2463D82-E2B8-410D-8A4C-FECC3D1E7A42}.Release|Any CPU.ActiveCfg = Release|Any CPU
		{C2463D82-E2B8-410D-8A4C-FECC3D1E7A42}.Release|Any CPU.Build.0 = Release|Any CPU
		{6E61053A-3736-420C-ACF9-3DAF6612AC8E}.Debug|Any CPU.ActiveCfg = Debug|Any CPU
		{6E61053A-3736-420C-ACF9-3DAF6612AC8E}.Debug|Any CPU.Build.0 = Debug|Any CPU
		{6E61053A-3736-420C-ACF9-3DAF6612AC8E}.Release|Any CPU.ActiveCfg = Release|Any CPU
		{6E61053A-3736-420C-ACF9-3DAF6612AC8E}.Release|Any CPU.Build.0 = Release|Any CPU
		{9D66ECD0-42A3-4FA7-AE35-A811FDE05A33}.Debug|Any CPU.ActiveCfg = Debug|Any CPU
		{9D66ECD0-42A3-4FA7-AE35-A811FDE05A33}.Debug|Any CPU.Build.0 = Debug|Any CPU
		{9D66ECD0-42A3-4FA7-AE35-A811FDE05A33}.Release|Any CPU.ActiveCfg = Release|Any CPU
		{9D66ECD0-42A3-4FA7-AE35-A811FDE05A33}.Release|Any CPU.Build.0 = Release|Any CPU
		{50199EA7-7D76-429C-9A37-BF987CAB0E04}.Debug|Any CPU.ActiveCfg = Debug|Any CPU
		{50199EA7-7D76-429C-9A37-BF987CAB0E04}.Debug|Any CPU.Build.0 = Debug|Any CPU
		{50199EA7-7D76-429C-9A37-BF987CAB0E04}.Release|Any CPU.ActiveCfg = Release|Any CPU
		{50199EA7-7D76-429C-9A37-BF987CAB0E04}.Release|Any CPU.Build.0 = Release|Any CPU
	EndGlobalSection
	GlobalSection(SolutionProperties) = preSolution
		HideSolutionNode = FALSE
	EndGlobalSection
	GlobalSection(NestedProjects) = preSolution
		{E15D13FF-7FB5-4591-B247-CEA82319F788} = {0999BA2B-24AA-4DEE-90B2-DC8A45750E99}
		{B241AE8B-78D9-4965-8636-462511D2972E} = {328AD796-1DC0-44B5-A9E9-5AE68F679A6C}
		{9EEAD08D-504C-4976-9847-5A6E8FEF48FF} = {328AD796-1DC0-44B5-A9E9-5AE68F679A6C}
		{06ACD5E6-6EAD-45F8-8D36-19100FA7CA96} = {328AD796-1DC0-44B5-A9E9-5AE68F679A6C}
		{02E66952-232D-45D0-8D7F-C4EC4810B913} = {3C273EFC-C17E-424D-B7AA-98222CC5ACFF}
		{D3509A5D-33EB-471B-A4E3-7BA32E3D12F6} = {3C273EFC-C17E-424D-B7AA-98222CC5ACFF}
		{C2463D82-E2B8-410D-8A4C-FECC3D1E7A42} = {0D0F325E-EF2E-4CBE-A694-59DC35237C72}
		{6E61053A-3736-420C-ACF9-3DAF6612AC8E} = {0D0F325E-EF2E-4CBE-A694-59DC35237C72}
		{9D66ECD0-42A3-4FA7-AE35-A811FDE05A33} = {0999BA2B-24AA-4DEE-90B2-DC8A45750E99}
		{50199EA7-7D76-429C-9A37-BF987CAB0E04} = {0999BA2B-24AA-4DEE-90B2-DC8A45750E99}
	EndGlobalSection
	GlobalSection(ExtensibilityGlobals) = postSolution
		SolutionGuid = {EE7C1E4C-A7B4-4ED3-8925-85CD48BD1D41}
	EndGlobalSection
EndGlobal
